
Microsoft Visual Studio Solution File, Format Version 12.00
# Visual Studio 2013
VisualStudioVersion = 12.0.30723.0
MinimumVisualStudioVersion = 10.0.40219.1
Project("{F2A71F9B-5D33-465A-A702-920D77279786}") = "ConsoleApplication1", "ConsoleApplication1\ConsoleApplication1.fsproj", "{A3488583-E097-454B-AC6B-F8533CDB0835}"
EndProject
Project("{F2A71F9B-5D33-465A-A702-920D77279786}") = "FxSql", "FxSql\FxSql.fsproj", "{A181D317-CBFB-4B50-ACB8-AD9D7741236E}"
EndProject
Project("{FAE04EC0-301F-11D3-BF4B-00C04F79EFBC}") = "ConsoleApplication2", "ConsoleApplication2\ConsoleApplication2.csproj", "{6EB292C7-07A6-4D03-86AE-608E2B51C4DB}"
EndProject
Global
	GlobalSection(SolutionConfigurationPlatforms) = preSolution
		Debug|Any CPU = Debug|Any CPU
		Release|Any CPU = Release|Any CPU
	EndGlobalSection
	GlobalSection(ProjectConfigurationPlatforms) = postSolution
		{A3488583-E097-454B-AC6B-F8533CDB0835}.Debug|Any CPU.ActiveCfg = Debug|Any CPU
		{A3488583-E097-454B-AC6B-F8533CDB0835}.Debug|Any CPU.Build.0 = Debug|Any CPU
		{A3488583-E097-454B-AC6B-F8533CDB0835}.Release|Any CPU.ActiveCfg = Release|Any CPU
		{A3488583-E097-454B-AC6B-F8533CDB0835}.Release|Any CPU.Build.0 = Release|Any CPU
		{A181D317-CBFB-4B50-ACB8-AD9D7741236E}.Debug|Any CPU.ActiveCfg = Debug|Any CPU
		{A181D317-CBFB-4B50-ACB8-AD9D7741236E}.Debug|Any CPU.Build.0 = Debug|Any CPU
		{A181D317-CBFB-4B50-ACB8-AD9D7741236E}.Release|Any CPU.ActiveCfg = Release|Any CPU
		{A181D317-CBFB-4B50-ACB8-AD9D7741236E}.Release|Any CPU.Build.0 = Release|Any CPU
		{6EB292C7-07A6-4D03-86AE-608E2B51C4DB}.Debug|Any CPU.ActiveCfg = Debug|Any CPU
		{6EB292C7-07A6-4D03-86AE-608E2B51C4DB}.Debug|Any CPU.Build.0 = Debug|Any CPU
		{6EB292C7-07A6-4D03-86AE-608E2B51C4DB}.Release|Any CPU.ActiveCfg = Release|Any CPU
		{6EB292C7-07A6-4D03-86AE-608E2B51C4DB}.Release|Any CPU.Build.0 = Release|Any CPU
	EndGlobalSection
	GlobalSection(SolutionProperties) = preSolution
		HideSolutionNode = FALSE
	EndGlobalSection
EndGlobal
